github.com/samuelventura/go-modbus v0.1.1-0.20211208000134-29b2f7accb08 h1:Mykx70rgahG0bapXh3QB/p3TKjaWbTgcG/CRwcqM1Pw=
github.com/samuelventura/go-modbus v0.1.1-0.20211208000134-29b2f7accb08/go.mod h1:FPhk2Ww1SN5jagcP27DcYTZy+15goPh1H8IXKdvT5X4=
github.com/samuelventura/go-modbus v0.1.1-0.20211208015437-c8ad5368c69b h1:2mlzft+kzLTKOZIECSDLF1wdf69Aqr6lWwJK/OcakLw=
github.com/samuelventura/go-modbus v0.1.1-0.20211208015437-c8ad5368c69b/go.mod h1:FPhk2Ww1SN5jagcP27DcYTZy+15goPh1H8IXKdvT5X4=
github.com/samuelventura/go-modbus v0.1.1-0.20211208015914-4e1689489531 h1:07sSQx8t1yE91YUue4JQFBZQE6tuHPsOtpDprv2yn4E=
github.com/samuelventura/go-modbus v0.1.1-0.20211208015914-4e1689489531/go.mod h1:FPhk2Ww1SN5jagcP27DcYTZy+15goPh1H8IXKdvT5X4=
github.com/samuelventura/go-modbus v0.1.1 h1:/rQMwIHmyc6SQ/9Zmm08Z+F5lbOB76iUlENfBo89JP8=
github.com/samuelventura/go-modbus v0.1.1/go.mod h1:FPhk2Ww1SN5jagcP27DcYTZy+15goPh1H8IXKdvT5X4=
github.com/samuelventura/go-modbus v0.1.2-0.20211208030022-1a8047974fc8 h1:3719S8gjy7rGB4Wt8xzGoozNIZwc4J3euv4Hm4uLdXc=
github.com/samuelventura/go-modbus v0.1.2-0.20211208030022-1a8047974fc8/go.mod h1:FPhk2Ww1SN5jagcP27DcYTZy+15goPh1H8IXKdvT5X4=
github.com/samuelventura/go-modbus v0.1.2-0.20211208035829-44c9531ae713 h1:fI+855kOEegt8pkEjxanUZ0Vcg23zkRm9J9F1s+tR1o=
github.com/samuelventura/go-modbus v0.1.2-0.20211208035829-44c9531ae713/go.mod h1:FPhk2Ww1SN5jagcP27DcYTZy+15goPh1H8IXKdvT5X4=
github.com/samuelventura/go-modbus v0.1.2-0.20211208042300-21558a73a222 h1:h1wMITtEPxVkjtHOOCm4shhKMvdgZjsxJh744NlUcO0=
github.com/samuelventura/go-modbus v0.1.2-0.20211208042300-21558a73a222/go.mod h1:FPhk2Ww1SN5jagcP27DcYTZy+15goPh1H8IXKdvT5X4=
github.com/samuelventura/go-modbus v0.1.2-0.20211208043320-ee9ccc0791f8 h1:3xEb40X6yP5C4k7vQaIOax759CAqX1H8dOW03DgX2MI=
github.com/samuelventura/go-modbus v0.1.2-0.20211208043320-ee9ccc0791f8/go.mod h1:FPhk2Ww1SN5jagcP27DcYTZy+15goPh1H8IXKdvT5X4=
github.com/samuelventura/go-modbus v0.1.2-0.20211208043413-64157c97feb1 h1:PQKcdAiY6hHZBS88oHnS9N5+jjXW+gF+bpKKXGv2Bic=
github.com/samuelventura/go-modbus v0.1.2-0.20211208043413-64157c97feb1/go.mod h1:FPhk2Ww1SN5jagcP27DcYTZy+15goPh1H8IXKdvT5X4=
github.com/samuelventura/go-modbus v0.1.2-0.20211208044042-ea806afbb2d5 h1:xJAn7uEuYgrfqclgNjQ3H17owbU9Z9Fw8PN2s8U/Qc4=
github.com/samuelventura/go-modbus v0.1.2-0.20211208044042-ea806afbb2d5/go.mod h1:FPhk2Ww1SN5jagcP27DcYTZy+15goPh1H8IXKdvT5X4=
github.com/samuelventura/go-modbus v0.1.2-0.20211208053911-7430ec41b67f h1:TK+60vifhGnqLq36tr8s0UlyZhXTLjo9BdxGkPM56Mk=
github.com/samuelventura/go-modbus v0.1.2-0.20211208053911-7430ec41b67f/go.mod h1:FPhk2Ww1SN5jagcP27DcYTZy+15goPh1H8IXKdvT5X4=
github.com/samuelventura/go-modbus v0.1.2 h1:n0Cs2cbA2szECRSux7EAHB0mjP8QZWKf6odaEc5nF20=
github.com/samuelventura/go-modbus v0.1.2/go.mod h1:FPhk2Ww1SN5jagcP27DcYTZy+15goPh1H8IXKdvT5X4=
golang.org/x/sys v0.0.0-20211205182925-97ca703d548d h1:FjkYO/PPp4Wi0EAUOVLxePm7qVW4r4ctbWpURyuOD0E=
golang.org/x/sys v0.0.0-20211205182925-97ca703d548d/go.mod h1:oPkhp1MJrh7nUepCBck5+mAzfO9JrbApNNgaTdGDITg=
